// !$*UTF8*$!
{
	archiveVersion = 1;
	classes = {
	};
	objectVersion = 46;
	objects = {

/* Begin PBXBuildFile section */
		48A656B518163BF200746D36 /* Foundation.framework in Frameworks */ = {isa = PBXBuildFile; fileRef = 48A656B418163BF200746D36 /* Foundation.framework */; };
		48A656B718163BF200746D36 /* CoreGraphics.framework in Frameworks */ = {isa = PBXBuildFile; fileRef = 48A656B618163BF200746D36 /* CoreGraphics.framework */; };
		48A656B918163BF200746D36 /* UIKit.framework in Frameworks */ = {isa = PBXBuildFile; fileRef = 48A656B818163BF200746D36 /* UIKit.framework */; };
		48A656C118163BF200746D36 /* main.m in Sources */ = {isa = PBXBuildFile; fileRef = 48A656C018163BF200746D36 /* main.m */; };
		48A656C518163BF200746D36 /* NavControllerAppDelegate.m in Sources */ = {isa = PBXBuildFile; fileRef = 48A656C418163BF200746D36 /* NavControllerAppDelegate.m */; };
		48A656C718163BF200746D36 /* Images.xcassets in Resources */ = {isa = PBXBuildFile; fileRef = 48A656C618163BF200746D36 /* Images.xcassets */; };
		48A656CE18163BF200746D36 /* XCTest.framework in Frameworks */ = {isa = PBXBuildFile; fileRef = 48A656CD18163BF200746D36 /* XCTest.framework */; };
		48A656CF18163BF200746D36 /* Foundation.framework in Frameworks */ = {isa = PBXBuildFile; fileRef = 48A656B418163BF200746D36 /* Foundation.framework */; };
		48A656D018163BF200746D36 /* UIKit.framework in Frameworks */ = {isa = PBXBuildFile; fileRef = 48A656B818163BF200746D36 /* UIKit.framework */; };
		48A656D818163BF200746D36 /* InfoPlist.strings in Resources */ = {isa = PBXBuildFile; fileRef = 48A656D618163BF200746D36 /* InfoPlist.strings */; };
		48A656DA18163BF200746D36 /* NavCtrlTests.m in Sources */ = {isa = PBXBuildFile; fileRef = 48A656D918163BF200746D36 /* NavCtrlTests.m */; };
		48A656E618163C1B00746D36 /* CompanyViewController.m in Sources */ = {isa = PBXBuildFile; fileRef = 48A656E418163C1B00746D36 /* CompanyViewController.m */; };
		48A656E718163C1B00746D36 /* CompanyViewController.xib in Resources */ = {isa = PBXBuildFile; fileRef = 48A656E518163C1B00746D36 /* CompanyViewController.xib */; };
		48A656EB18163F8700746D36 /* ProductViewController.m in Sources */ = {isa = PBXBuildFile; fileRef = 48A656E918163F8700746D36 /* ProductViewController.m */; };
		48A656EE1816468000746D36 /* Sunflower.gif in Resources */ = {isa = PBXBuildFile; fileRef = 48A656ED1816468000746D36 /* Sunflower.gif */; };
		9E1FAD6E1D1C841A003F2F2A /* NavDB.sqbpro in Resources */ = {isa = PBXBuildFile; fileRef = 9E1FAD6D1D1C841A003F2F2A /* NavDB.sqbpro */; };
		9E1FAD6F1D1C841A003F2F2A /* NavDB.sqbpro in Resources */ = {isa = PBXBuildFile; fileRef = 9E1FAD6D1D1C841A003F2F2A /* NavDB.sqbpro */; };
		9E1FAD731D1C8736003F2F2A /* libsqlite3.0.tbd in Frameworks */ = {isa = PBXBuildFile; fileRef = 9E1FAD721D1C8736003F2F2A /* libsqlite3.0.tbd */; };
		9E1FAD761D1D7734003F2F2A /* DBManager.m in Sources */ = {isa = PBXBuildFile; fileRef = 9E1FAD751D1D7734003F2F2A /* DBManager.m */; };
		9E1FAD771D1D7734003F2F2A /* DBManager.m in Sources */ = {isa = PBXBuildFile; fileRef = 9E1FAD751D1D7734003F2F2A /* DBManager.m */; };
		9E1FAD7B1D21B136003F2F2A /* NavDatabase.db in Resources */ = {isa = PBXBuildFile; fileRef = 9E1FAD7A1D21B136003F2F2A /* NavDatabase.db */; };
		9E1FAD7C1D21B136003F2F2A /* NavDatabase.db in Resources */ = {isa = PBXBuildFile; fileRef = 9E1FAD7A1D21B136003F2F2A /* NavDatabase.db */; };
		9E94E7611D11944F006B27E5 /* DAO.m in Sources */ = {isa = PBXBuildFile; fileRef = 9E94E7601D11944F006B27E5 /* DAO.m */; };
		9E94E7651D134D8A006B27E5 /* AddEditViewController.m in Sources */ = {isa = PBXBuildFile; fileRef = 9E94E7631D134D8A006B27E5 /* AddEditViewController.m */; };
		9E94E7661D134D8A006B27E5 /* AddEditViewController.xib in Resources */ = {isa = PBXBuildFile; fileRef = 9E94E7641D134D8A006B27E5 /* AddEditViewController.xib */; };
		9E94E7691D185F4F006B27E5 /* Launch Screen.storyboard in Resources */ = {isa = PBXBuildFile; fileRef = 9E94E7681D185F4F006B27E5 /* Launch Screen.storyboard */; };
		9E94E76D1D197C0E006B27E5 /* ProductAddEditViewController.m in Sources */ = {isa = PBXBuildFile; fileRef = 9E94E76B1D197C0E006B27E5 /* ProductAddEditViewController.m */; };
		9E94E76E1D197C0E006B27E5 /* ProductAddEditViewController.xib in Resources */ = {isa = PBXBuildFile; fileRef = 9E94E76C1D197C0E006B27E5 /* ProductAddEditViewController.xib */; };
		9EF104FA1D0F054F0064E8BD /* img-companyLogo_Apple.pdf in Resources */ = {isa = PBXBuildFile; fileRef = 9EF104CF1D0F054F0064E8BD /* img-companyLogo_Apple.pdf */; };
		9EF104FB1D0F054F0064E8BD /* img-companyLogo_Apple.png in Resources */ = {isa = PBXBuildFile; fileRef = 9EF104D01D0F054F0064E8BD /* img-companyLogo_Apple.png */; };
		9EF104FC1D0F054F0064E8BD /* img-companyLogo_Apple@2x.png in Resources */ = {isa = PBXBuildFile; fileRef = 9EF104D11D0F054F0064E8BD /* img-companyLogo_Apple@2x.png */; };
		9EF104FD1D0F054F0064E8BD /* img-companyLogo_Apple@3x.png in Resources */ = {isa = PBXBuildFile; fileRef = 9EF104D21D0F054F0064E8BD /* img-companyLogo_Apple@3x.png */; };
		9EF104FE1D0F054F0064E8BD /* img-companyLogo_Google.pdf in Resources */ = {isa = PBXBuildFile; fileRef = 9EF104D31D0F054F0064E8BD /* img-companyLogo_Google.pdf */; };
		9EF104FF1D0F054F0064E8BD /* img-companyLogo_Google.png in Resources */ = {isa = PBXBuildFile; fileRef = 9EF104D41D0F054F0064E8BD /* img-companyLogo_Google.png */; };
		9EF105001D0F054F0064E8BD /* img-companyLogo_Google@2x.png in Resources */ = {isa = PBXBuildFile; fileRef = 9EF104D51D0F054F0064E8BD /* img-companyLogo_Google@2x.png */; };
		9EF105011D0F054F0064E8BD /* img-companyLogo_Google@3x.png in Resources */ = {isa = PBXBuildFile; fileRef = 9EF104D61D0F054F0064E8BD /* img-companyLogo_Google@3x.png */; };
		9EF105021D0F054F0064E8BD /* img-companyLogo_Tesla.pdf in Resources */ = {isa = PBXBuildFile; fileRef = 9EF104D71D0F054F0064E8BD /* img-companyLogo_Tesla.pdf */; };
		9EF105031D0F054F0064E8BD /* img-companyLogo_Tesla.png in Resources */ = {isa = PBXBuildFile; fileRef = 9EF104D81D0F054F0064E8BD /* img-companyLogo_Tesla.png */; };
		9EF105041D0F054F0064E8BD /* img-companyLogo_Tesla@2x.png in Resources */ = {isa = PBXBuildFile; fileRef = 9EF104D91D0F054F0064E8BD /* img-companyLogo_Tesla@2x.png */; };
		9EF105051D0F054F0064E8BD /* img-companyLogo_Tesla@3x.png in Resources */ = {isa = PBXBuildFile; fileRef = 9EF104DA1D0F054F0064E8BD /* img-companyLogo_Tesla@3x.png */; };
		9EF105061D0F054F0064E8BD /* img-companyLogo_Twitter.pdf in Resources */ = {isa = PBXBuildFile; fileRef = 9EF104DB1D0F054F0064E8BD /* img-companyLogo_Twitter.pdf */; };
		9EF105071D0F054F0064E8BD /* img-companyLogo_Twitter.png in Resources */ = {isa = PBXBuildFile; fileRef = 9EF104DC1D0F054F0064E8BD /* img-companyLogo_Twitter.png */; };
		9EF105081D0F054F0064E8BD /* img-companyLogo_Twitter@2x.png in Resources */ = {isa = PBXBuildFile; fileRef = 9EF104DD1D0F054F0064E8BD /* img-companyLogo_Twitter@2x.png */; };
		9EF105091D0F054F0064E8BD /* img-companyLogo_Twitter@3x.png in Resources */ = {isa = PBXBuildFile; fileRef = 9EF104DE1D0F054F0064E8BD /* img-companyLogo_Twitter@3x.png */; };
		9EF1050A1D0F054F0064E8BD /* img-companyPhoto-01.pdf in Resources */ = {isa = PBXBuildFile; fileRef = 9EF104E01D0F054F0064E8BD /* img-companyPhoto-01.pdf */; };
		9EF1050B1D0F054F0064E8BD /* img-companyPhoto-01.png in Resources */ = {isa = PBXBuildFile; fileRef = 9EF104E11D0F054F0064E8BD /* img-companyPhoto-01.png */; };
		9EF1050C1D0F054F0064E8BD /* img-companyPhoto-01@2x.png in Resources */ = {isa = PBXBuildFile; fileRef = 9EF104E21D0F054F0064E8BD /* img-companyPhoto-01@2x.png */; };
		9EF1050D1D0F054F0064E8BD /* img-companyPhoto-01@3x.png in Resources */ = {isa = PBXBuildFile; fileRef = 9EF104E31D0F054F0064E8BD /* img-companyPhoto-01@3x.png */; };
		9EF1050E1D0F054F0064E8BD /* emptystate-homeView.pdf in Resources */ = {isa = PBXBuildFile; fileRef = 9EF104E51D0F054F0064E8BD /* emptystate-homeView.pdf */; };
		9EF1050F1D0F054F0064E8BD /* emptystate-homeView.png in Resources */ = {isa = PBXBuildFile; fileRef = 9EF104E61D0F054F0064E8BD /* emptystate-homeView.png */; };
		9EF105101D0F054F0064E8BD /* emptystate-homeView@2x.png in Resources */ = {isa = PBXBuildFile; fileRef = 9EF104E71D0F054F0064E8BD /* emptystate-homeView@2x.png */; };
		9EF105111D0F054F0064E8BD /* emptystate-homeView@3x.png in Resources */ = {isa = PBXBuildFile; fileRef = 9EF104E81D0F054F0064E8BD /* emptystate-homeView@3x.png */; };
		9EF105141D0F054F0064E8BD /* btn-navAdd.pdf in Resources */ = {isa = PBXBuildFile; fileRef = 9EF104EC1D0F054F0064E8BD /* btn-navAdd.pdf */; };
		9EF105151D0F054F0064E8BD /* btn-navAdd.png in Resources */ = {isa = PBXBuildFile; fileRef = 9EF104ED1D0F054F0064E8BD /* btn-navAdd.png */; };
		9EF105161D0F054F0064E8BD /* btn-navAdd@2x.png in Resources */ = {isa = PBXBuildFile; fileRef = 9EF104EE1D0F054F0064E8BD /* btn-navAdd@2x.png */; };
		9EF105171D0F054F0064E8BD /* btn-navAdd@3x.png in Resources */ = {isa = PBXBuildFile; fileRef = 9EF104EF1D0F054F0064E8BD /* btn-navAdd@3x.png */; };
		9EF105181D0F054F0064E8BD /* btn-navBack.pdf in Resources */ = {isa = PBXBuildFile; fileRef = 9EF104F01D0F054F0064E8BD /* btn-navBack.pdf */; };
		9EF105191D0F054F0064E8BD /* btn-navBack.png in Resources */ = {isa = PBXBuildFile; fileRef = 9EF104F11D0F054F0064E8BD /* btn-navBack.png */; };
		9EF1051A1D0F054F0064E8BD /* btn-navBack@2x.png in Resources */ = {isa = PBXBuildFile; fileRef = 9EF104F21D0F054F0064E8BD /* btn-navBack@2x.png */; };
		9EF1051B1D0F054F0064E8BD /* btn-navBack@3x.png in Resources */ = {isa = PBXBuildFile; fileRef = 9EF104F31D0F054F0064E8BD /* btn-navBack@3x.png */; };
		9EF1051C1D0F054F0064E8BD /* img-Product-01.png in Resources */ = {isa = PBXBuildFile; fileRef = 9EF104F51D0F054F0064E8BD /* img-Product-01.png */; };
		9EF1051D1D0F054F0064E8BD /* img-Product-01@1x.pdf in Resources */ = {isa = PBXBuildFile; fileRef = 9EF104F61D0F054F0064E8BD /* img-Product-01@1x.pdf */; };
		9EF1051E1D0F054F0064E8BD /* img-Product-01@2x.png in Resources */ = {isa = PBXBuildFile; fileRef = 9EF104F71D0F054F0064E8BD /* img-Product-01@2x.png */; };
		9EF1051F1D0F054F0064E8BD /* img-Product-01@3x.png in Resources */ = {isa = PBXBuildFile; fileRef = 9EF104F81D0F054F0064E8BD /* img-Product-01@3x.png */; };
		9EF105251D10464B0064E8BD /* WebViewController.m in Sources */ = {isa = PBXBuildFile; fileRef = 9EF105241D10464B0064E8BD /* WebViewController.m */; };
		9EF105311D1051E10064E8BD /* teslaModelS.jpg in Resources */ = {isa = PBXBuildFile; fileRef = 9EF1052A1D1051E10064E8BD /* teslaModelS.jpg */; };
		9EF105321D1051E10064E8BD /* teslaModel3.jpg in Resources */ = {isa = PBXBuildFile; fileRef = 9EF1052B1D1051E10064E8BD /* teslaModel3.jpg */; };
		9EF105331D1051E10064E8BD /* iMac.jpg in Resources */ = {isa = PBXBuildFile; fileRef = 9EF1052C1D1051E10064E8BD /* iMac.jpg */; };
		9EF105341D1051E10064E8BD /* chromeBook.png in Resources */ = {isa = PBXBuildFile; fileRef = 9EF1052D1D1051E10064E8BD /* chromeBook.png */; };
		9EF105351D1051E10064E8BD /* nexus6P.jpg in Resources */ = {isa = PBXBuildFile; fileRef = 9EF1052E1D1051E10064E8BD /* nexus6P.jpg */; };
		9EF105361D1051E10064E8BD /* pixelC.png in Resources */ = {isa = PBXBuildFile; fileRef = 9EF1052F1D1051E10064E8BD /* pixelC.png */; };
		9EF105391D1052340064E8BD /* teslaModelX.jpg in Resources */ = {isa = PBXBuildFile; fileRef = 9EF105381D1052340064E8BD /* teslaModelX.jpg */; };
		9EF1053B1D1055350064E8BD /* iphone6.jpeg in Resources */ = {isa = PBXBuildFile; fileRef = 9EF1053A1D1055350064E8BD /* iphone6.jpeg */; };
		9EF1053D1D1066860064E8BD /* WebKit.framework in Frameworks */ = {isa = PBXBuildFile; fileRef = 9EF1053C1D1066860064E8BD /* WebKit.framework */; settings = {ATTRIBUTES = (Weak, ); }; };
		9EF105401D1099020064E8BD /* Company.m in Sources */ = {isa = PBXBuildFile; fileRef = 9EF1053F1D1099020064E8BD /* Company.m */; };
		9EF105461D1099CD0064E8BD /* Product.m in Sources */ = {isa = PBXBuildFile; fileRef = 9EF105451D1099CD0064E8BD /* Product.m */; };
/* End PBXBuildFile section */

/* Begin PBXContainerItemProxy section */
		48A656D118163BF200746D36 /* PBXContainerItemProxy */ = {
			isa = PBXContainerItemProxy;
			containerPortal = 48A656A918163BF200746D36 /* Project object */;
			proxyType = 1;
			remoteGlobalIDString = 48A656B018163BF200746D36;
			remoteInfo = NavCtrl;
		};
/* End PBXContainerItemProxy section */

/* Begin PBXFileReference section */
		48A656B118163BF200746D36 /* NavCtrl.app */ = {isa = PBXFileReference; explicitFileType = wrapper.application; includeInIndex = 0; path = NavCtrl.app; sourceTree = BUILT_PRODUCTS_DIR; };
		48A656B418163BF200746D36 /* Foundation.framework */ = {isa = PBXFileReference; lastKnownFileType = wrapper.framework; name = Foundation.framework; path = System/Library/Frameworks/Foundation.framework; sourceTree = SDKROOT; };
		48A656B618163BF200746D36 /* CoreGraphics.framework */ = {isa = PBXFileReference; lastKnownFileType = wrapper.framework; name = CoreGraphics.framework; path = System/Library/Frameworks/CoreGraphics.framework; sourceTree = SDKROOT; };
		48A656B818163BF200746D36 /* UIKit.framework */ = {isa = PBXFileReference; lastKnownFileType = wrapper.framework; name = UIKit.framework; path = System/Library/Frameworks/UIKit.framework; sourceTree = SDKROOT; };
		48A656BC18163BF200746D36 /* NavCtrl-Info.plist */ = {isa = PBXFileReference; lastKnownFileType = text.plist.xml; path = "NavCtrl-Info.plist"; sourceTree = "<group>"; };
		48A656BE18163BF200746D36 /* en */ = {isa = PBXFileReference; lastKnownFileType = text.plist.strings; name = en; path = en.lproj/InfoPlist.strings; sourceTree = "<group>"; };
		48A656C018163BF200746D36 /* main.m */ = {isa = PBXFileReference; lastKnownFileType = sourcecode.c.objc; path = main.m; sourceTree = "<group>"; };
		48A656C218163BF200746D36 /* NavCtrl-Prefix.pch */ = {isa = PBXFileReference; lastKnownFileType = sourcecode.c.h; path = "NavCtrl-Prefix.pch"; sourceTree = "<group>"; };
		48A656C318163BF200746D36 /* NavControllerAppDelegate.h */ = {isa = PBXFileReference; lastKnownFileType = sourcecode.c.h; path = NavControllerAppDelegate.h; sourceTree = "<group>"; };
		48A656C418163BF200746D36 /* NavControllerAppDelegate.m */ = {isa = PBXFileReference; lastKnownFileType = sourcecode.c.objc; path = NavControllerAppDelegate.m; sourceTree = "<group>"; };
		48A656C618163BF200746D36 /* Images.xcassets */ = {isa = PBXFileReference; lastKnownFileType = folder.assetcatalog; path = Images.xcassets; sourceTree = "<group>"; };
		48A656CC18163BF200746D36 /* NavCtrlTests.xctest */ = {isa = PBXFileReference; explicitFileType = wrapper.cfbundle; includeInIndex = 0; path = NavCtrlTests.xctest; sourceTree = BUILT_PRODUCTS_DIR; };
		48A656CD18163BF200746D36 /* XCTest.framework */ = {isa = PBXFileReference; lastKnownFileType = wrapper.framework; name = XCTest.framework; path = Library/Frameworks/XCTest.framework; sourceTree = DEVELOPER_DIR; };
		48A656D518163BF200746D36 /* NavCtrlTests-Info.plist */ = {isa = PBXFileReference; lastKnownFileType = text.plist.xml; path = "NavCtrlTests-Info.plist"; sourceTree = "<group>"; };
		48A656D718163BF200746D36 /* en */ = {isa = PBXFileReference; lastKnownFileType = text.plist.strings; name = en; path = en.lproj/InfoPlist.strings; sourceTree = "<group>"; };
		48A656D918163BF200746D36 /* NavCtrlTests.m */ = {isa = PBXFileReference; lastKnownFileType = sourcecode.c.objc; path = NavCtrlTests.m; sourceTree = "<group>"; };
		48A656E318163C1B00746D36 /* CompanyViewController.h */ = {isa = PBXFileReference; fileEncoding = 4; lastKnownFileType = sourcecode.c.h; name = CompanyViewController.h; path = ../CompanyViewController.h; sourceTree = "<group>"; };
		48A656E418163C1B00746D36 /* CompanyViewController.m */ = {isa = PBXFileReference; fileEncoding = 4; lastKnownFileType = sourcecode.c.objc; name = CompanyViewController.m; path = ../CompanyViewController.m; sourceTree = "<group>"; };
		48A656E518163C1B00746D36 /* CompanyViewController.xib */ = {isa = PBXFileReference; fileEncoding = 4; lastKnownFileType = file.xib; name = CompanyViewController.xib; path = ../CompanyViewController.xib; sourceTree = "<group>"; };
		48A656E818163F8700746D36 /* ProductViewController.h */ = {isa = PBXFileReference; fileEncoding = 4; lastKnownFileType = sourcecode.c.h; name = ProductViewController.h; path = ../ProductViewController.h; sourceTree = "<group>"; };
		48A656E918163F8700746D36 /* ProductViewController.m */ = {isa = PBXFileReference; fileEncoding = 4; lastKnownFileType = sourcecode.c.objc; name = ProductViewController.m; path = ../ProductViewController.m; sourceTree = "<group>"; };
		48A656ED1816468000746D36 /* Sunflower.gif */ = {isa = PBXFileReference; lastKnownFileType = image.gif; path = Sunflower.gif; sourceTree = "<group>"; };
		9E1FAD6D1D1C841A003F2F2A /* NavDB.sqbpro */ = {isa = PBXFileReference; fileEncoding = 4; lastKnownFileType = text.xml; path = NavDB.sqbpro; sourceTree = "<group>"; };
		9E1FAD721D1C8736003F2F2A /* libsqlite3.0.tbd */ = {isa = PBXFileReference; lastKnownFileType = "sourcecode.text-based-dylib-definition"; name = libsqlite3.0.tbd; path = usr/lib/libsqlite3.0.tbd; sourceTree = SDKROOT; };
		9E1FAD741D1D7734003F2F2A /* DBManager.h */ = {isa = PBXFileReference; fileEncoding = 4; lastKnownFileType = sourcecode.c.h; path = DBManager.h; sourceTree = "<group>"; };
		9E1FAD751D1D7734003F2F2A /* DBManager.m */ = {isa = PBXFileReference; fileEncoding = 4; lastKnownFileType = sourcecode.c.objc; path = DBManager.m; sourceTree = "<group>"; };
		9E1FAD7A1D21B136003F2F2A /* NavDatabase.db */ = {isa = PBXFileReference; lastKnownFileType = file; path = NavDatabase.db; sourceTree = "<group>"; };
		9E94E75F1D11944F006B27E5 /* DAO.h */ = {isa = PBXFileReference; fileEncoding = 4; lastKnownFileType = sourcecode.c.h; path = DAO.h; sourceTree = "<group>"; };
		9E94E7601D11944F006B27E5 /* DAO.m */ = {isa = PBXFileReference; fileEncoding = 4; lastKnownFileType = sourcecode.c.objc; path = DAO.m; sourceTree = "<group>"; };
		9E94E7621D134D8A006B27E5 /* AddEditViewController.h */ = {isa = PBXFileReference; fileEncoding = 4; lastKnownFileType = sourcecode.c.h; path = AddEditViewController.h; sourceTree = "<group>"; };
		9E94E7631D134D8A006B27E5 /* AddEditViewController.m */ = {isa = PBXFileReference; fileEncoding = 4; lastKnownFileType = sourcecode.c.objc; path = AddEditViewController.m; sourceTree = "<group>"; };
		9E94E7641D134D8A006B27E5 /* AddEditViewController.xib */ = {isa = PBXFileReference; fileEncoding = 4; lastKnownFileType = file.xib; path = AddEditViewController.xib; sourceTree = "<group>"; };
		9E94E7681D185F4F006B27E5 /* Launch Screen.storyboard */ = {isa = PBXFileReference; fileEncoding = 4; lastKnownFileType = file.storyboard; path = "Launch Screen.storyboard"; sourceTree = "<group>"; };
		9E94E76A1D197C0E006B27E5 /* ProductAddEditViewController.h */ = {isa = PBXFileReference; fileEncoding = 4; lastKnownFileType = sourcecode.c.h; path = ProductAddEditViewController.h; sourceTree = "<group>"; };
		9E94E76B1D197C0E006B27E5 /* ProductAddEditViewController.m */ = {isa = PBXFileReference; fileEncoding = 4; lastKnownFileType = sourcecode.c.objc; path = ProductAddEditViewController.m; sourceTree = "<group>"; };
		9E94E76C1D197C0E006B27E5 /* ProductAddEditViewController.xib */ = {isa = PBXFileReference; fileEncoding = 4; lastKnownFileType = file.xib; path = ProductAddEditViewController.xib; sourceTree = "<group>"; };
		9EF104CE1D0F054F0064E8BD /* Icon */ = {isa = PBXFileReference; fileEncoding = 4; lastKnownFileType = text; path = "Icon"; sourceTree = "<group>"; };
		9EF104CF1D0F054F0064E8BD /* img-companyLogo_Apple.pdf */ = {isa = PBXFileReference; lastKnownFileType = image.pdf; path = "img-companyLogo_Apple.pdf"; sourceTree = "<group>"; };
		9EF104D01D0F054F0064E8BD /* img-companyLogo_Apple.png */ = {isa = PBXFileReference; lastKnownFileType = image.png; path = "img-companyLogo_Apple.png"; sourceTree = "<group>"; };
		9EF104D11D0F054F0064E8BD /* img-companyLogo_Apple@2x.png */ = {isa = PBXFileReference; lastKnownFileType = image.png; path = "img-companyLogo_Apple@2x.png"; sourceTree = "<group>"; };
		9EF104D21D0F054F0064E8BD /* img-companyLogo_Apple@3x.png */ = {isa = PBXFileReference; lastKnownFileType = image.png; path = "img-companyLogo_Apple@3x.png"; sourceTree = "<group>"; };
		9EF104D31D0F054F0064E8BD /* img-companyLogo_Google.pdf */ = {isa = PBXFileReference; lastKnownFileType = image.pdf; path = "img-companyLogo_Google.pdf"; sourceTree = "<group>"; };
		9EF104D41D0F054F0064E8BD /* img-companyLogo_Google.png */ = {isa = PBXFileReference; lastKnownFileType = image.png; path = "img-companyLogo_Google.png"; sourceTree = "<group>"; };
		9EF104D51D0F054F0064E8BD /* img-companyLogo_Google@2x.png */ = {isa = PBXFileReference; lastKnownFileType = image.png; path = "img-companyLogo_Google@2x.png"; sourceTree = "<group>"; };
		9EF104D61D0F054F0064E8BD /* img-companyLogo_Google@3x.png */ = {isa = PBXFileReference; lastKnownFileType = image.png; path = "img-companyLogo_Google@3x.png"; sourceTree = "<group>"; };
		9EF104D71D0F054F0064E8BD /* img-companyLogo_Tesla.pdf */ = {isa = PBXFileReference; lastKnownFileType = image.pdf; path = "img-companyLogo_Tesla.pdf"; sourceTree = "<group>"; };
		9EF104D81D0F054F0064E8BD /* img-companyLogo_Tesla.png */ = {isa = PBXFileReference; lastKnownFileType = image.png; path = "img-companyLogo_Tesla.png"; sourceTree = "<group>"; };
		9EF104D91D0F054F0064E8BD /* img-companyLogo_Tesla@2x.png */ = {isa = PBXFileReference; lastKnownFileType = image.png; path = "img-companyLogo_Tesla@2x.png"; sourceTree = "<group>"; };
		9EF104DA1D0F054F0064E8BD /* img-companyLogo_Tesla@3x.png */ = {isa = PBXFileReference; lastKnownFileType = image.png; path = "img-companyLogo_Tesla@3x.png"; sourceTree = "<group>"; };
		9EF104DB1D0F054F0064E8BD /* img-companyLogo_Twitter.pdf */ = {isa = PBXFileReference; lastKnownFileType = image.pdf; path = "img-companyLogo_Twitter.pdf"; sourceTree = "<group>"; };
		9EF104DC1D0F054F0064E8BD /* img-companyLogo_Twitter.png */ = {isa = PBXFileReference; lastKnownFileType = image.png; path = "img-companyLogo_Twitter.png"; sourceTree = "<group>"; };
		9EF104DD1D0F054F0064E8BD /* img-companyLogo_Twitter@2x.png */ = {isa = PBXFileReference; lastKnownFileType = image.png; path = "img-companyLogo_Twitter@2x.png"; sourceTree = "<group>"; };
		9EF104DE1D0F054F0064E8BD /* img-companyLogo_Twitter@3x.png */ = {isa = PBXFileReference; lastKnownFileType = image.png; path = "img-companyLogo_Twitter@3x.png"; sourceTree = "<group>"; };
		9EF104E01D0F054F0064E8BD /* img-companyPhoto-01.pdf */ = {isa = PBXFileReference; lastKnownFileType = image.pdf; path = "img-companyPhoto-01.pdf"; sourceTree = "<group>"; };
		9EF104E11D0F054F0064E8BD /* img-companyPhoto-01.png */ = {isa = PBXFileReference; lastKnownFileType = image.png; path = "img-companyPhoto-01.png"; sourceTree = "<group>"; };
		9EF104E21D0F054F0064E8BD /* img-companyPhoto-01@2x.png */ = {isa = PBXFileReference; lastKnownFileType = image.png; path = "img-companyPhoto-01@2x.png"; sourceTree = "<group>"; };
		9EF104E31D0F054F0064E8BD /* img-companyPhoto-01@3x.png */ = {isa = PBXFileReference; lastKnownFileType = image.png; path = "img-companyPhoto-01@3x.png"; sourceTree = "<group>"; };
		9EF104E51D0F054F0064E8BD /* emptystate-homeView.pdf */ = {isa = PBXFileReference; lastKnownFileType = image.pdf; path = "emptystate-homeView.pdf"; sourceTree = "<group>"; };
		9EF104E61D0F054F0064E8BD /* emptystate-homeView.png */ = {isa = PBXFileReference; lastKnownFileType = image.png; path = "emptystate-homeView.png"; sourceTree = "<group>"; };
		9EF104E71D0F054F0064E8BD /* emptystate-homeView@2x.png */ = {isa = PBXFileReference; lastKnownFileType = image.png; path = "emptystate-homeView@2x.png"; sourceTree = "<group>"; };
		9EF104E81D0F054F0064E8BD /* emptystate-homeView@3x.png */ = {isa = PBXFileReference; lastKnownFileType = image.png; path = "emptystate-homeView@3x.png"; sourceTree = "<group>"; };
		9EF104E91D0F054F0064E8BD /* Icon */ = {isa = PBXFileReference; fileEncoding = 4; lastKnownFileType = text; path = "Icon"; sourceTree = "<group>"; };
		9EF104EA1D0F054F0064E8BD /* Icon */ = {isa = PBXFileReference; fileEncoding = 4; lastKnownFileType = text; path = "Icon"; sourceTree = "<group>"; };
		9EF104EC1D0F054F0064E8BD /* btn-navAdd.pdf */ = {isa = PBXFileReference; lastKnownFileType = image.pdf; path = "btn-navAdd.pdf"; sourceTree = "<group>"; };
		9EF104ED1D0F054F0064E8BD /* btn-navAdd.png */ = {isa = PBXFileReference; lastKnownFileType = image.png; path = "btn-navAdd.png"; sourceTree = "<group>"; };
		9EF104EE1D0F054F0064E8BD /* btn-navAdd@2x.png */ = {isa = PBXFileReference; lastKnownFileType = image.png; path = "btn-navAdd@2x.png"; sourceTree = "<group>"; };
		9EF104EF1D0F054F0064E8BD /* btn-navAdd@3x.png */ = {isa = PBXFileReference; lastKnownFileType = image.png; path = "btn-navAdd@3x.png"; sourceTree = "<group>"; };
		9EF104F01D0F054F0064E8BD /* btn-navBack.pdf */ = {isa = PBXFileReference; lastKnownFileType = image.pdf; path = "btn-navBack.pdf"; sourceTree = "<group>"; };
		9EF104F11D0F054F0064E8BD /* btn-navBack.png */ = {isa = PBXFileReference; lastKnownFileType = image.png; path = "btn-navBack.png"; sourceTree = "<group>"; };
		9EF104F21D0F054F0064E8BD /* btn-navBack@2x.png */ = {isa = PBXFileReference; lastKnownFileType = image.png; path = "btn-navBack@2x.png"; sourceTree = "<group>"; };
		9EF104F31D0F054F0064E8BD /* btn-navBack@3x.png */ = {isa = PBXFileReference; lastKnownFileType = image.png; path = "btn-navBack@3x.png"; sourceTree = "<group>"; };
		9EF104F51D0F054F0064E8BD /* img-Product-01.png */ = {isa = PBXFileReference; lastKnownFileType = image.png; path = "img-Product-01.png"; sourceTree = "<group>"; };
		9EF104F61D0F054F0064E8BD /* img-Product-01@1x.pdf */ = {isa = PBXFileReference; lastKnownFileType = image.pdf; path = "img-Product-01@1x.pdf"; sourceTree = "<group>"; };
		9EF104F71D0F054F0064E8BD /* img-Product-01@2x.png */ = {isa = PBXFileReference; lastKnownFileType = image.png; path = "img-Product-01@2x.png"; sourceTree = "<group>"; };
		9EF104F81D0F054F0064E8BD /* img-Product-01@3x.png */ = {isa = PBXFileReference; lastKnownFileType = image.png; path = "img-Product-01@3x.png"; sourceTree = "<group>"; };
		9EF105231D10464B0064E8BD /* WebViewController.h */ = {isa = PBXFileReference; fileEncoding = 4; lastKnownFileType = sourcecode.c.h; name = WebViewController.h; path = ../WebViewController.h; sourceTree = "<group>"; };
		9EF105241D10464B0064E8BD /* WebViewController.m */ = {isa = PBXFileReference; fileEncoding = 4; lastKnownFileType = sourcecode.c.objc; name = WebViewController.m; path = ../WebViewController.m; sourceTree = "<group>"; };
		9EF1052A1D1051E10064E8BD /* teslaModelS.jpg */ = {isa = PBXFileReference; lastKnownFileType = image.jpeg; path = teslaModelS.jpg; sourceTree = "<group>"; };
		9EF1052B1D1051E10064E8BD /* teslaModel3.jpg */ = {isa = PBXFileReference; lastKnownFileType = image.jpeg; path = teslaModel3.jpg; sourceTree = "<group>"; };
		9EF1052C1D1051E10064E8BD /* iMac.jpg */ = {isa = PBXFileReference; lastKnownFileType = image.jpeg; path = iMac.jpg; sourceTree = "<group>"; };
		9EF1052D1D1051E10064E8BD /* chromeBook.png */ = {isa = PBXFileReference; lastKnownFileType = image.png; path = chromeBook.png; sourceTree = "<group>"; };
		9EF1052E1D1051E10064E8BD /* nexus6P.jpg */ = {isa = PBXFileReference; lastKnownFileType = image.jpeg; path = nexus6P.jpg; sourceTree = "<group>"; };
		9EF1052F1D1051E10064E8BD /* pixelC.png */ = {isa = PBXFileReference; lastKnownFileType = image.png; path = pixelC.png; sourceTree = "<group>"; };
		9EF105381D1052340064E8BD /* teslaModelX.jpg */ = {isa = PBXFileReference; lastKnownFileType = image.jpeg; path = teslaModelX.jpg; sourceTree = "<group>"; };
		9EF1053A1D1055350064E8BD /* iphone6.jpeg */ = {isa = PBXFileReference; lastKnownFileType = image.jpeg; path = iphone6.jpeg; sourceTree = "<group>"; };
		9EF1053C1D1066860064E8BD /* WebKit.framework */ = {isa = PBXFileReference; lastKnownFileType = wrapper.framework; name = WebKit.framework; path = System/Library/Frameworks/WebKit.framework; sourceTree = SDKROOT; };
		9EF1053E1D1099020064E8BD /* Company.h */ = {isa = PBXFileReference; fileEncoding = 4; lastKnownFileType = sourcecode.c.h; path = Company.h; sourceTree = "<group>"; };
		9EF1053F1D1099020064E8BD /* Company.m */ = {isa = PBXFileReference; fileEncoding = 4; lastKnownFileType = sourcecode.c.objc; path = Company.m; sourceTree = "<group>"; };
		9EF105441D1099CD0064E8BD /* Product.h */ = {isa = PBXFileReference; fileEncoding = 4; lastKnownFileType = sourcecode.c.h; path = Product.h; sourceTree = "<group>"; };
		9EF105451D1099CD0064E8BD /* Product.m */ = {isa = PBXFileReference; fileEncoding = 4; lastKnownFileType = sourcecode.c.objc; path = Product.m; sourceTree = "<group>"; };
/* End PBXFileReference section */

/* Begin PBXFrameworksBuildPhase section */
		48A656AE18163BF200746D36 /* Frameworks */ = {
			isa = PBXFrameworksBuildPhase;
			buildActionMask = 2147483647;
			files = (
				9E1FAD731D1C8736003F2F2A /* libsqlite3.0.tbd in Frameworks */,
				9EF1053D1D1066860064E8BD /* WebKit.framework in Frameworks */,
				48A656B718163BF200746D36 /* CoreGraphics.framework in Frameworks */,
				48A656B918163BF200746D36 /* UIKit.framework in Frameworks */,
				48A656B518163BF200746D36 /* Foundation.framework in Frameworks */,
			);
			runOnlyForDeploymentPostprocessing = 0;
		};
		48A656C918163BF200746D36 /* Frameworks */ = {
			isa = PBXFrameworksBuildPhase;
			buildActionMask = 2147483647;
			files = (
				48A656CE18163BF200746D36 /* XCTest.framework in Frameworks */,
				48A656D018163BF200746D36 /* UIKit.framework in Frameworks */,
				48A656CF18163BF200746D36 /* Foundation.framework in Frameworks */,
			);
			runOnlyForDeploymentPostprocessing = 0;
		};
/* End PBXFrameworksBuildPhase section */

/* Begin PBXGroup section */
		483796CB1BCBF7A00062D5AB /* AppDelegate */ = {
			isa = PBXGroup;
			children = (
				48A656C318163BF200746D36 /* NavControllerAppDelegate.h */,
				48A656C418163BF200746D36 /* NavControllerAppDelegate.m */,
			);
			name = AppDelegate;
			sourceTree = "<group>";
		};
		483796CC1BCBF7C70062D5AB /* ParentViewController */ = {
			isa = PBXGroup;
			children = (
				48A656E318163C1B00746D36 /* CompanyViewController.h */,
				48A656E418163C1B00746D36 /* CompanyViewController.m */,
				9E94E7681D185F4F006B27E5 /* Launch Screen.storyboard */,
			);
			name = ParentViewController;
			sourceTree = "<group>";
		};
		483796CD1BCBF7EB0062D5AB /* ProductViewController */ = {
			isa = PBXGroup;
			children = (
				48A656E818163F8700746D36 /* ProductViewController.h */,
				48A656E918163F8700746D36 /* ProductViewController.m */,
			);
			name = ProductViewController;
			sourceTree = "<group>";
		};
		48A656A818163BF200746D36 = {
			isa = PBXGroup;
			children = (
				48A656BA18163BF200746D36 /* NavCtrl */,
				48A656D318163BF200746D36 /* NavCtrlTests */,
				48A656B318163BF200746D36 /* Frameworks */,
				48A656B218163BF200746D36 /* Products */,
			);
			sourceTree = "<group>";
		};
		48A656B218163BF200746D36 /* Products */ = {
			isa = PBXGroup;
			children = (
				48A656B118163BF200746D36 /* NavCtrl.app */,
				48A656CC18163BF200746D36 /* NavCtrlTests.xctest */,
			);
			name = Products;
			sourceTree = "<group>";
		};
		48A656B318163BF200746D36 /* Frameworks */ = {
			isa = PBXGroup;
			children = (
				9E1FAD721D1C8736003F2F2A /* libsqlite3.0.tbd */,
				9EF1053C1D1066860064E8BD /* WebKit.framework */,
				48A656B418163BF200746D36 /* Foundation.framework */,
				48A656B618163BF200746D36 /* CoreGraphics.framework */,
				48A656B818163BF200746D36 /* UIKit.framework */,
				48A656CD18163BF200746D36 /* XCTest.framework */,
			);
			name = Frameworks;
			sourceTree = "<group>";
		};
		48A656BA18163BF200746D36 /* NavCtrl */ = {
			isa = PBXGroup;
			children = (
				9E94E7671D134D97006B27E5 /* AddEditViewController */,
				483796CB1BCBF7A00062D5AB /* AppDelegate */,
				9EF105431D1099900064E8BD /* Product */,
				9EF105421D1099560064E8BD /* Company */,
				9EF105411D1099110064E8BD /* WebViewController */,
				483796CC1BCBF7C70062D5AB /* ParentViewController */,
				9E94E7701D197C31006B27E5 /* ProductAddEditVC */,
				483796CD1BCBF7EB0062D5AB /* ProductViewController */,
				48A656C618163BF200746D36 /* Images.xcassets */,
				48A656E518163C1B00746D36 /* CompanyViewController.xib */,
				48A656BB18163BF200746D36 /* Supporting Files */,
			);
			path = NavCtrl;
			sourceTree = "<group>";
		};
		48A656BB18163BF200746D36 /* Supporting Files */ = {
			isa = PBXGroup;
			children = (
				48A656ED1816468000746D36 /* Sunflower.gif */,
				9EF104CC1D0F054F0064E8BD /* Assets */,
				48A656BC18163BF200746D36 /* NavCtrl-Info.plist */,
				48A656BD18163BF200746D36 /* InfoPlist.strings */,
				48A656C018163BF200746D36 /* main.m */,
				48A656C218163BF200746D36 /* NavCtrl-Prefix.pch */,
			);
			name = "Supporting Files";
			sourceTree = "<group>";
		};
		48A656D318163BF200746D36 /* NavCtrlTests */ = {
			isa = PBXGroup;
			children = (
				48A656D918163BF200746D36 /* NavCtrlTests.m */,
				48A656D418163BF200746D36 /* Supporting Files */,
			);
			path = NavCtrlTests;
			sourceTree = "<group>";
		};
		48A656D418163BF200746D36 /* Supporting Files */ = {
			isa = PBXGroup;
			children = (
				9E1FAD6D1D1C841A003F2F2A /* NavDB.sqbpro */,
				48A656D518163BF200746D36 /* NavCtrlTests-Info.plist */,
				9E1FAD7A1D21B136003F2F2A /* NavDatabase.db */,
				48A656D618163BF200746D36 /* InfoPlist.strings */,
			);
			name = "Supporting Files";
			sourceTree = "<group>";
		};
		9E94E7671D134D97006B27E5 /* AddEditViewController */ = {
			isa = PBXGroup;
			children = (
				9E94E7641D134D8A006B27E5 /* AddEditViewController.xib */,
				9E94E7631D134D8A006B27E5 /* AddEditViewController.m */,
				9E94E7621D134D8A006B27E5 /* AddEditViewController.h */,
			);
			name = AddEditViewController;
			sourceTree = "<group>";
		};
		9E94E7701D197C31006B27E5 /* ProductAddEditVC */ = {
			isa = PBXGroup;
			children = (
				9E94E76C1D197C0E006B27E5 /* ProductAddEditViewController.xib */,
				9E94E76B1D197C0E006B27E5 /* ProductAddEditViewController.m */,
				9E94E76A1D197C0E006B27E5 /* ProductAddEditViewController.h */,
			);
			name = ProductAddEditVC;
			sourceTree = "<group>";
		};
		9EF104CC1D0F054F0064E8BD /* Assets */ = {
			isa = PBXGroup;
			children = (
				9EF104CD1D0F054F0064E8BD /* Company Logos */,
				9EF104DF1D0F054F0064E8BD /* Company Profile Photos */,
				9EF104E41D0F054F0064E8BD /* Empty States */,
				9EF104EA1D0F054F0064E8BD /* Icon */,
				9EF104EB1D0F054F0064E8BD /* Nav Buttons */,
				9EF104F41D0F054F0064E8BD /* Product Images */,
			);
			path = Assets;
			sourceTree = "<group>";
		};
		9EF104CD1D0F054F0064E8BD /* Company Logos */ = {
			isa = PBXGroup;
			children = (
				9EF104CE1D0F054F0064E8BD /* Icon */,
				9EF104CF1D0F054F0064E8BD /* img-companyLogo_Apple.pdf */,
				9EF104D01D0F054F0064E8BD /* img-companyLogo_Apple.png */,
				9EF104D11D0F054F0064E8BD /* img-companyLogo_Apple@2x.png */,
				9EF104D21D0F054F0064E8BD /* img-companyLogo_Apple@3x.png */,
				9EF104D31D0F054F0064E8BD /* img-companyLogo_Google.pdf */,
				9EF104D41D0F054F0064E8BD /* img-companyLogo_Google.png */,
				9EF104D51D0F054F0064E8BD /* img-companyLogo_Google@2x.png */,
				9EF104D61D0F054F0064E8BD /* img-companyLogo_Google@3x.png */,
				9EF104D71D0F054F0064E8BD /* img-companyLogo_Tesla.pdf */,
				9EF104D81D0F054F0064E8BD /* img-companyLogo_Tesla.png */,
				9EF104D91D0F054F0064E8BD /* img-companyLogo_Tesla@2x.png */,
				9EF104DA1D0F054F0064E8BD /* img-companyLogo_Tesla@3x.png */,
				9EF104DB1D0F054F0064E8BD /* img-companyLogo_Twitter.pdf */,
				9EF104DC1D0F054F0064E8BD /* img-companyLogo_Twitter.png */,
				9EF104DD1D0F054F0064E8BD /* img-companyLogo_Twitter@2x.png */,
				9EF104DE1D0F054F0064E8BD /* img-companyLogo_Twitter@3x.png */,
			);
			path = "Company Logos";
			sourceTree = "<group>";
		};
		9EF104DF1D0F054F0064E8BD /* Company Profile Photos */ = {
			isa = PBXGroup;
			children = (
				9EF104E01D0F054F0064E8BD /* img-companyPhoto-01.pdf */,
				9EF104E11D0F054F0064E8BD /* img-companyPhoto-01.png */,
				9EF104E21D0F054F0064E8BD /* img-companyPhoto-01@2x.png */,
				9EF104E31D0F054F0064E8BD /* img-companyPhoto-01@3x.png */,
			);
			path = "Company Profile Photos";
			sourceTree = "<group>";
		};
		9EF104E41D0F054F0064E8BD /* Empty States */ = {
			isa = PBXGroup;
			children = (
				9EF104E51D0F054F0064E8BD /* emptystate-homeView.pdf */,
				9EF104E61D0F054F0064E8BD /* emptystate-homeView.png */,
				9EF104E71D0F054F0064E8BD /* emptystate-homeView@2x.png */,
				9EF104E81D0F054F0064E8BD /* emptystate-homeView@3x.png */,
				9EF104E91D0F054F0064E8BD /* Icon */,
			);
			path = "Empty States";
			sourceTree = "<group>";
		};
		9EF104EB1D0F054F0064E8BD /* Nav Buttons */ = {
			isa = PBXGroup;
			children = (
				9EF104EC1D0F054F0064E8BD /* btn-navAdd.pdf */,
				9EF104ED1D0F054F0064E8BD /* btn-navAdd.png */,
				9EF104EE1D0F054F0064E8BD /* btn-navAdd@2x.png */,
				9EF104EF1D0F054F0064E8BD /* btn-navAdd@3x.png */,
				9EF104F01D0F054F0064E8BD /* btn-navBack.pdf */,
				9EF104F11D0F054F0064E8BD /* btn-navBack.png */,
				9EF104F21D0F054F0064E8BD /* btn-navBack@2x.png */,
				9EF104F31D0F054F0064E8BD /* btn-navBack@3x.png */,
			);
			path = "Nav Buttons";
			sourceTree = "<group>";
		};
		9EF104F41D0F054F0064E8BD /* Product Images */ = {
			isa = PBXGroup;
			children = (
				9EF104F51D0F054F0064E8BD /* img-Product-01.png */,
				9EF104F61D0F054F0064E8BD /* img-Product-01@1x.pdf */,
				9EF104F71D0F054F0064E8BD /* img-Product-01@2x.png */,
				9EF104F81D0F054F0064E8BD /* img-Product-01@3x.png */,
				9EF1052A1D1051E10064E8BD /* teslaModelS.jpg */,
				9EF1052B1D1051E10064E8BD /* teslaModel3.jpg */,
				9EF105381D1052340064E8BD /* teslaModelX.jpg */,
				9EF1052C1D1051E10064E8BD /* iMac.jpg */,
				9EF1052D1D1051E10064E8BD /* chromeBook.png */,
				9EF1052E1D1051E10064E8BD /* nexus6P.jpg */,
				9EF1052F1D1051E10064E8BD /* pixelC.png */,
				9EF1053A1D1055350064E8BD /* iphone6.jpeg */,
			);
			path = "Product Images";
			sourceTree = "<group>";
		};
		9EF105411D1099110064E8BD /* WebViewController */ = {
			isa = PBXGroup;
			children = (
				9EF105231D10464B0064E8BD /* WebViewController.h */,
				9EF105241D10464B0064E8BD /* WebViewController.m */,
			);
			name = WebViewController;
			sourceTree = "<group>";
		};
		9EF105421D1099560064E8BD /* Company */ = {
			isa = PBXGroup;
			children = (
				9EF1053E1D1099020064E8BD /* Company.h */,
				9EF1053F1D1099020064E8BD /* Company.m */,
			);
			name = Company;
			sourceTree = "<group>";
		};
		9EF105431D1099900064E8BD /* Product */ = {
			isa = PBXGroup;
			children = (
				9E94E75F1D11944F006B27E5 /* DAO.h */,
				9E94E7601D11944F006B27E5 /* DAO.m */,
				9E1FAD741D1D7734003F2F2A /* DBManager.h */,
				9E1FAD751D1D7734003F2F2A /* DBManager.m */,
				9EF105441D1099CD0064E8BD /* Product.h */,
				9EF105451D1099CD0064E8BD /* Product.m */,
			);
			name = Product;
			sourceTree = "<group>";
		};
/* End PBXGroup section */

/* Begin PBXNativeTarget section */
		48A656B018163BF200746D36 /* NavCtrl */ = {
			isa = PBXNativeTarget;
			buildConfigurationList = 48A656DD18163BF200746D36 /* Build configuration list for PBXNativeTarget "NavCtrl" */;
			buildPhases = (
				48A656AD18163BF200746D36 /* Sources */,
				48A656AE18163BF200746D36 /* Frameworks */,
				48A656AF18163BF200746D36 /* Resources */,
			);
			buildRules = (
			);
			dependencies = (
			);
			name = NavCtrl;
			productName = NavCtrl;
			productReference = 48A656B118163BF200746D36 /* NavCtrl.app */;
			productType = "com.apple.product-type.application";
		};
		48A656CB18163BF200746D36 /* NavCtrlTests */ = {
			isa = PBXNativeTarget;
			buildConfigurationList = 48A656E018163BF200746D36 /* Build configuration list for PBXNativeTarget "NavCtrlTests" */;
			buildPhases = (
				48A656C818163BF200746D36 /* Sources */,
				48A656C918163BF200746D36 /* Frameworks */,
				48A656CA18163BF200746D36 /* Resources */,
			);
			buildRules = (
			);
			dependencies = (
				48A656D218163BF200746D36 /* PBXTargetDependency */,
			);
			name = NavCtrlTests;
			productName = NavCtrlTests;
			productReference = 48A656CC18163BF200746D36 /* NavCtrlTests.xctest */;
			productType = "com.apple.product-type.bundle.unit-test";
		};
/* End PBXNativeTarget section */

/* Begin PBXProject section */
		48A656A918163BF200746D36 /* Project object */ = {
			isa = PBXProject;
			attributes = {
				CLASSPREFIX = qcdDemo;
				LastUpgradeCheck = 0700;
				ORGANIZATIONNAME = "Aditya Narayan";
				TargetAttributes = {
					48A656B018163BF200746D36 = {
						DevelopmentTeam = LT6AMJQ3D6;
					};
					48A656CB18163BF200746D36 = {
						TestTargetID = 48A656B018163BF200746D36;
					};
				};
			};
			buildConfigurationList = 48A656AC18163BF200746D36 /* Build configuration list for PBXProject "NavCtrl" */;
			compatibilityVersion = "Xcode 3.2";
			developmentRegion = English;
			hasScannedForEncodings = 0;
			knownRegions = (
				en,
			);
			mainGroup = 48A656A818163BF200746D36;
			productRefGroup = 48A656B218163BF200746D36 /* Products */;
			projectDirPath = "";
			projectRoot = "";
			targets = (
				48A656B018163BF200746D36 /* NavCtrl */,
				48A656CB18163BF200746D36 /* NavCtrlTests */,
			);
		};
/* End PBXProject section */

/* Begin PBXResourcesBuildPhase section */
		48A656AF18163BF200746D36 /* Resources */ = {
			isa = PBXResourcesBuildPhase;
			buildActionMask = 2147483647;
			files = (
				9E1FAD7B1D21B136003F2F2A /* NavDatabase.db in Resources */,
				9EF1050E1D0F054F0064E8BD /* emptystate-homeView.pdf in Resources */,
				48A656EE1816468000746D36 /* Sunflower.gif in Resources */,
				9EF105091D0F054F0064E8BD /* img-companyLogo_Twitter@3x.png in Resources */,
				9EF105031D0F054F0064E8BD /* img-companyLogo_Tesla.png in Resources */,
				9EF1051A1D0F054F0064E8BD /* btn-navBack@2x.png in Resources */,
				9EF104FB1D0F054F0064E8BD /* img-companyLogo_Apple.png in Resources */,
				9EF105081D0F054F0064E8BD /* img-companyLogo_Twitter@2x.png in Resources */,
				9EF105061D0F054F0064E8BD /* img-companyLogo_Twitter.pdf in Resources */,
				9EF105391D1052340064E8BD /* teslaModelX.jpg in Resources */,
				9E94E76E1D197C0E006B27E5 /* ProductAddEditViewController.xib in Resources */,
				9EF105041D0F054F0064E8BD /* img-companyLogo_Tesla@2x.png in Resources */,
				9EF1050B1D0F054F0064E8BD /* img-companyPhoto-01.png in Resources */,
				9EF1050C1D0F054F0064E8BD /* img-companyPhoto-01@2x.png in Resources */,
				9EF105171D0F054F0064E8BD /* btn-navAdd@3x.png in Resources */,
				9EF105051D0F054F0064E8BD /* img-companyLogo_Tesla@3x.png in Resources */,
				9EF104FA1D0F054F0064E8BD /* img-companyLogo_Apple.pdf in Resources */,
				9EF1050D1D0F054F0064E8BD /* img-companyPhoto-01@3x.png in Resources */,
				9EF1050A1D0F054F0064E8BD /* img-companyPhoto-01.pdf in Resources */,
				9EF105341D1051E10064E8BD /* chromeBook.png in Resources */,
				9EF105001D0F054F0064E8BD /* img-companyLogo_Google@2x.png in Resources */,
				9EF104FD1D0F054F0064E8BD /* img-companyLogo_Apple@3x.png in Resources */,
				9EF105311D1051E10064E8BD /* teslaModelS.jpg in Resources */,
				9EF104FC1D0F054F0064E8BD /* img-companyLogo_Apple@2x.png in Resources */,
				9EF1051B1D0F054F0064E8BD /* btn-navBack@3x.png in Resources */,
				9EF1051E1D0F054F0064E8BD /* img-Product-01@2x.png in Resources */,
				9EF1053B1D1055350064E8BD /* iphone6.jpeg in Resources */,
				48A656E718163C1B00746D36 /* CompanyViewController.xib in Resources */,
				9EF1051D1D0F054F0064E8BD /* img-Product-01@1x.pdf in Resources */,
				9EF105351D1051E10064E8BD /* nexus6P.jpg in Resources */,
				9EF104FF1D0F054F0064E8BD /* img-companyLogo_Google.png in Resources */,
				9EF105191D0F054F0064E8BD /* btn-navBack.png in Resources */,
				9EF105141D0F054F0064E8BD /* btn-navAdd.pdf in Resources */,
				9E94E7661D134D8A006B27E5 /* AddEditViewController.xib in Resources */,
				9EF105021D0F054F0064E8BD /* img-companyLogo_Tesla.pdf in Resources */,
				9EF105151D0F054F0064E8BD /* btn-navAdd.png in Resources */,
				9EF105161D0F054F0064E8BD /* btn-navAdd@2x.png in Resources */,
				9EF1051C1D0F054F0064E8BD /* img-Product-01.png in Resources */,
				9EF105071D0F054F0064E8BD /* img-companyLogo_Twitter.png in Resources */,
				9E94E7691D185F4F006B27E5 /* Launch Screen.storyboard in Resources */,
				9EF105331D1051E10064E8BD /* iMac.jpg in Resources */,
				9EF105361D1051E10064E8BD /* pixelC.png in Resources */,
				9EF1050F1D0F054F0064E8BD /* emptystate-homeView.png in Resources */,
				9EF105181D0F054F0064E8BD /* btn-navBack.pdf in Resources */,
				9EF1051F1D0F054F0064E8BD /* img-Product-01@3x.png in Resources */,
				9EF105321D1051E10064E8BD /* teslaModel3.jpg in Resources */,
				9E1FAD6E1D1C841A003F2F2A /* NavDB.sqbpro in Resources */,
				9EF105111D0F054F0064E8BD /* emptystate-homeView@3x.png in Resources */,
				9EF105101D0F054F0064E8BD /* emptystate-homeView@2x.png in Resources */,
				9EF104FE1D0F054F0064E8BD /* img-companyLogo_Google.pdf in Resources */,
				9EF105011D0F054F0064E8BD /* img-companyLogo_Google@3x.png in Resources */,
				48A656C718163BF200746D36 /* Images.xcassets in Resources */,
			);
			runOnlyForDeploymentPostprocessing = 0;
		};
		48A656CA18163BF200746D36 /* Resources */ = {
			isa = PBXResourcesBuildPhase;
			buildActionMask = 2147483647;
			files = (
				9E1FAD6F1D1C841A003F2F2A /* NavDB.sqbpro in Resources */,
				9E1FAD7C1D21B136003F2F2A /* NavDatabase.db in Resources */,
				48A656D818163BF200746D36 /* InfoPlist.strings in Resources */,
			);
			runOnlyForDeploymentPostprocessing = 0;
		};
/* End PBXResourcesBuildPhase section */

/* Begin PBXSourcesBuildPhase section */
		48A656AD18163BF200746D36 /* Sources */ = {
			isa = PBXSourcesBuildPhase;
			buildActionMask = 2147483647;
			files = (
				9EF105461D1099CD0064E8BD /* Product.m in Sources */,
				48A656E618163C1B00746D36 /* CompanyViewController.m in Sources */,
				9E94E76D1D197C0E006B27E5 /* ProductAddEditViewController.m in Sources */,
				9E94E7651D134D8A006B27E5 /* AddEditViewController.m in Sources */,
				9EF105401D1099020064E8BD /* Company.m in Sources */,
				9EF105251D10464B0064E8BD /* WebViewController.m in Sources */,
				9E94E7611D11944F006B27E5 /* DAO.m in Sources */,
				9E1FAD761D1D7734003F2F2A /* DBManager.m in Sources */,
				48A656C518163BF200746D36 /* NavControllerAppDelegate.m in Sources */,
				48A656C118163BF200746D36 /* main.m in Sources */,
				48A656EB18163F8700746D36 /* ProductViewController.m in Sources */,
			);
			runOnlyForDeploymentPostprocessing = 0;
		};
		48A656C818163BF200746D36 /* Sources */ = {
			isa = PBXSourcesBuildPhase;
			buildActionMask = 2147483647;
			files = (
				48A656DA18163BF200746D36 /* NavCtrlTests.m in Sources */,
				9E1FAD771D1D7734003F2F2A /* DBManager.m in Sources */,
			);
			runOnlyForDeploymentPostprocessing = 0;
		};
/* End PBXSourcesBuildPhase section */

/* Begin PBXTargetDependency section */
		48A656D218163BF200746D36 /* PBXTargetDependency */ = {
			isa = PBXTargetDependency;
			target = 48A656B018163BF200746D36 /* NavCtrl */;
			targetProxy = 48A656D118163BF200746D36 /* PBXContainerItemProxy */;
		};
/* End PBXTargetDependency section */

/* Begin PBXVariantGroup section */
		48A656BD18163BF200746D36 /* InfoPlist.strings */ = {
			isa = PBXVariantGroup;
			children = (
				48A656BE18163BF200746D36 /* en */,
			);
			name = InfoPlist.strings;
			sourceTree = "<group>";
		};
		48A656D618163BF200746D36 /* InfoPlist.strings */ = {
			isa = PBXVariantGroup;
			children = (
				48A656D718163BF200746D36 /* en */,
			);
			name = InfoPlist.strings;
			sourceTree = "<group>";
		};
/* End PBXVariantGroup section */

/* Begin XCBuildConfiguration section */
		48A656DB18163BF200746D36 /* Debug */ = {
			isa = XCBuildConfiguration;
			buildSettings = {
				ALWAYS_SEARCH_USER_PATHS = NO;
				CLANG_CXX_LANGUAGE_STANDARD = "gnu++0x";
				CLANG_CXX_LIBRARY = "libc++";
				CLANG_ENABLE_MODULES = YES;
				CLANG_ENABLE_OBJC_ARC = YES;
				CLANG_WARN_BOOL_CONVERSION = YES;
				CLANG_WARN_CONSTANT_CONVERSION = YES;
				CLANG_WARN_DIRECT_OBJC_ISA_USAGE = YES_ERROR;
				CLANG_WARN_EMPTY_BODY = YES;
				CLANG_WARN_ENUM_CONVERSION = YES;
				CLANG_WARN_INT_CONVERSION = YES;
				CLANG_WARN_OBJC_ROOT_CLASS = YES_ERROR;
				CLANG_WARN__DUPLICATE_METHOD_MATCH = YES;
				"CODE_SIGN_IDENTITY[sdk=iphoneos*]" = "iPhone Developer";
				COPY_PHASE_STRIP = NO;
				ENABLE_TESTABILITY = YES;
				GCC_C_LANGUAGE_STANDARD = gnu99;
				GCC_DYNAMIC_NO_PIC = NO;
				GCC_OPTIMIZATION_LEVEL = 0;
				GCC_PREPROCESSOR_DEFINITIONS = (
					"DEBUG=1",
					"$(inherited)",
				);
				GCC_SYMBOLS_PRIVATE_EXTERN = NO;
				GCC_WARN_64_TO_32_BIT_CONVERSION = YES;
				GCC_WARN_ABOUT_RETURN_TYPE = YES_ERROR;
				GCC_WARN_UNDECLARED_SELECTOR = YES;
				GCC_WARN_UNINITIALIZED_AUTOS = YES;
				GCC_WARN_UNUSED_FUNCTION = YES;
				GCC_WARN_UNUSED_VARIABLE = YES;
				IPHONEOS_DEPLOYMENT_TARGET = 7.0;
				ONLY_ACTIVE_ARCH = YES;
				SDKROOT = iphoneos;
				TARGETED_DEVICE_FAMILY = 2;
			};
			name = Debug;
		};
		48A656DC18163BF200746D36 /* Release */ = {
			isa = XCBuildConfiguration;
			buildSettings = {
				ALWAYS_SEARCH_USER_PATHS = NO;
				CLANG_CXX_LANGUAGE_STANDARD = "gnu++0x";
				CLANG_CXX_LIBRARY = "libc++";
				CLANG_ENABLE_MODULES = YES;
				CLANG_ENABLE_OBJC_ARC = YES;
				CLANG_WARN_BOOL_CONVERSION = YES;
				CLANG_WARN_CONSTANT_CONVERSION = YES;
				CLANG_WARN_DIRECT_OBJC_ISA_USAGE = YES_ERROR;
				CLANG_WARN_EMPTY_BODY = YES;
				CLANG_WARN_ENUM_CONVERSION = YES;
				CLANG_WARN_INT_CONVERSION = YES;
				CLANG_WARN_OBJC_ROOT_CLASS = YES_ERROR;
				CLANG_WARN__DUPLICATE_METHOD_MATCH = YES;
				"CODE_SIGN_IDENTITY[sdk=iphoneos*]" = "iPhone Developer";
				COPY_PHASE_STRIP = YES;
				ENABLE_NS_ASSERTIONS = NO;
				GCC_C_LANGUAGE_STANDARD = gnu99;
				GCC_WARN_64_TO_32_BIT_CONVERSION = YES;
				GCC_WARN_ABOUT_RETURN_TYPE = YES_ERROR;
				GCC_WARN_UNDECLARED_SELECTOR = YES;
				GCC_WARN_UNINITIALIZED_AUTOS = YES;
				GCC_WARN_UNUSED_FUNCTION = YES;
				GCC_WARN_UNUSED_VARIABLE = YES;
				IPHONEOS_DEPLOYMENT_TARGET = 7.0;
				SDKROOT = iphoneos;
				TARGETED_DEVICE_FAMILY = 2;
				VALIDATE_PRODUCT = YES;
			};
			name = Release;
		};
		48A656DE18163BF200746D36 /* Debug */ = {
			isa = XCBuildConfiguration;
			buildSettings = {
				ASSETCATALOG_COMPILER_APPICON_NAME = AppIcon;
				ASSETCATALOG_COMPILER_LAUNCHIMAGE_NAME = LaunchImage;
				CLANG_ENABLE_OBJC_ARC = NO;
				CODE_SIGN_IDENTITY = "iPhone Developer";
				"CODE_SIGN_IDENTITY[sdk=iphoneos*]" = "iPhone Developer";
				GCC_PRECOMPILE_PREFIX_HEADER = YES;
				GCC_PREFIX_HEADER = "NavCtrl/NavCtrl-Prefix.pch";
				INFOPLIST_FILE = "NavCtrl/NavCtrl-Info.plist";
				PRODUCT_BUNDLE_IDENTIFIER = Jesse.NavCtrl;
				PRODUCT_NAME = "$(TARGET_NAME)";
				PROVISIONING_PROFILE = "";
				TARGETED_DEVICE_FAMILY = "1,2";
				WRAPPER_EXTENSION = app;
			};
			name = Debug;
		};
		48A656DF18163BF200746D36 /* Release */ = {
			isa = XCBuildConfiguration;
			buildSettings = {
				ASSETCATALOG_COMPILER_APPICON_NAME = AppIcon;
				ASSETCATALOG_COMPILER_LAUNCHIMAGE_NAME = LaunchImage;
				CLANG_ENABLE_OBJC_ARC = NO;
				CODE_SIGN_IDENTITY = "iPhone Developer";
				"CODE_SIGN_IDENTITY[sdk=iphoneos*]" = "iPhone Developer";
				GCC_PRECOMPILE_PREFIX_HEADER = YES;
				GCC_PREFIX_HEADER = "NavCtrl/NavCtrl-Prefix.pch";
				INFOPLIST_FILE = "NavCtrl/NavCtrl-Info.plist";
				PRODUCT_BUNDLE_IDENTIFIER = Jesse.NavCtrl;
				PRODUCT_NAME = "$(TARGET_NAME)";
				PROVISIONING_PROFILE = "";
				TARGETED_DEVICE_FAMILY = "1,2";
				WRAPPER_EXTENSION = app;
			};
			name = Release;
		};
		48A656E118163BF200746D36 /* Debug */ = {
			isa = XCBuildConfiguration;
			buildSettings = {
				BUNDLE_LOADER = "$(BUILT_PRODUCTS_DIR)/NavCtrl.app/NavCtrl";
				FRAMEWORK_SEARCH_PATHS = (
					"$(SDKROOT)/Developer/Library/Frameworks",
					"$(inherited)",
					"$(DEVELOPER_FRAMEWORKS_DIR)",
				);
				GCC_PRECOMPILE_PREFIX_HEADER = YES;
				GCC_PREFIX_HEADER = "NavCtrl/NavCtrl-Prefix.pch";
				GCC_PREPROCESSOR_DEFINITIONS = (
					"DEBUG=1",
					"$(inherited)",
				);
				INFOPLIST_FILE = "NavCtrlTests/NavCtrlTests-Info.plist";
				PRODUCT_BUNDLE_IDENTIFIER = "qcd.${PRODUCT_NAME:rfc1034identifier}";
				PRODUCT_NAME = "$(TARGET_NAME)";
				TEST_HOST = "$(BUNDLE_LOADER)";
				WRAPPER_EXTENSION = xctest;
			};
			name = Debug;
		};
		48A656E218163BF200746D36 /* Release */ = {
			isa = XCBuildConfiguration;
			buildSettings = {
				BUNDLE_LOADER = "$(BUILT_PRODUCTS_DIR)/NavCtrl.app/NavCtrl";
				FRAMEWORK_SEARCH_PATHS = (
					"$(SDKROOT)/Developer/Library/Frameworks",
					"$(inherited)",
					"$(DEVELOPER_FRAMEWORKS_DIR)",
				);
				GCC_PRECOMPILE_PREFIX_HEADER = YES;
				GCC_PREFIX_HEADER = "NavCtrl/NavCtrl-Prefix.pch";
				INFOPLIST_FILE = "NavCtrlTests/NavCtrlTests-Info.plist";
				PRODUCT_BUNDLE_IDENTIFIER = "qcd.${PRODUCT_NAME:rfc1034identifier}";
				PRODUCT_NAME = "$(TARGET_NAME)";
				TEST_HOST = "$(BUNDLE_LOADER)";
				WRAPPER_EXTENSION = xctest;
			};
			name = Release;
		};
/* End XCBuildConfiguration section */

/* Begin XCConfigurationList section */
		48A656AC18163BF200746D36 /* Build configuration list for PBXProject "NavCtrl" */ = {
			isa = XCConfigurationList;
			buildConfigurations = (
				48A656DB18163BF200746D36 /* Debug */,
				48A656DC18163BF200746D36 /* Release */,
			);
			defaultConfigurationIsVisible = 0;
			defaultConfigurationName = Release;
		};
		48A656DD18163BF200746D36 /* Build configuration list for PBXNativeTarget "NavCtrl" */ = {
			isa = XCConfigurationList;
			buildConfigurations = (
				48A656DE18163BF200746D36 /* Debug */,
				48A656DF18163BF200746D36 /* Release */,
			);
			defaultConfigurationIsVisible = 0;
			defaultConfigurationName = Release;
		};
		48A656E018163BF200746D36 /* Build configuration list for PBXNativeTarget "NavCtrlTests" */ = {
			isa = XCConfigurationList;
			buildConfigurations = (
				48A656E118163BF200746D36 /* Debug */,
				48A656E218163BF200746D36 /* Release */,
			);
			defaultConfigurationIsVisible = 0;
			defaultConfigurationName = Release;
		};
/* End XCConfigurationList section */
	};
	rootObject = 48A656A918163BF200746D36 /* Project object */;
}
